dependencies:
- name: postgresql
  repository: https://charts.bitnami.com/bitnami
  version: 9.1.4
- name: redis
  repository: https://charts.bitnami.com/bitnami
  version: 10.7.*
digest: sha256:d8c39f21bda51f8c451a0faadce9f878d69c1e0e5dd8be1e897a0dbd1a91bc29
generated: "2020-08-15T08:41:06.001309-05:00"
